
Microsoft Visual Studio Solution File, Format Version 12.00
# Visual Studio Version 17
VisualStudioVersion = 17.13.36105.23 d17.13
MinimumVisualStudioVersion = 10.0.40219.1
Project("{FAE04EC0-301F-11D3-BF4B-00C04F79EFBC}") = "Web_Report_VRG", "Web_Report_VRG\Web_Report_VRG.csproj", "{BE6BBE4A-5FA3-449C-97F5-234D9F6E3169}"
EndProject
Global
	GlobalSection(SolutionConfigurationPlatforms) = preSolution
		Debug|Any CPU = Debug|Any CPU
		Release|Any CPU = Release|Any CPU
	EndGlobalSection
	GlobalSection(ProjectConfigurationPlatforms) = postSolution
		{BE6BBE4A-5FA3-449C-97F5-234D9F6E3169}.Debug|Any CPU.ActiveCfg = Debug|Any CPU
		{BE6BBE4A-5FA3-449C-97F5-234D9F6E3169}.Debug|Any CPU.Build.0 = Debug|Any CPU
		{BE6BBE4A-5FA3-449C-97F5-234D9F6E3169}.Release|Any CPU.ActiveCfg = Release|Any CPU
		{BE6BBE4A-5FA3-449C-97F5-234D9F6E3169}.Release|Any CPU.Build.0 = Release|Any CPU
	EndGlobalSection
	GlobalSection(SolutionProperties) = preSolution
		HideSolutionNode = FALSE
	EndGlobalSection
	GlobalSection(ExtensibilityGlobals) = postSolution
		SolutionGuid = {75692CD9-CE74-47C8-976D-16AA52164D86}
	EndGlobalSection
EndGlobal
